
Microsoft Visual Studio Solution File, Format Version 12.00
# Visual Studio Version 16
VisualStudioVersion = 16.0.28922.388
MinimumVisualStudioVersion = 10.0.40219.1
Project("{FAE04EC0-301F-11D3-BF4B-00C04F79EFBC}") = "CalendarApp.Android", "CalendarApp\CalendarApp.Android\CalendarApp.Android.csproj", "{A998433A-3BA9-4118-A740-860706AB7F8C}"
EndProject
Project("{FAE04EC0-301F-11D3-BF4B-00C04F79EFBC}") = "CalendarApp.iOS", "CalendarApp\CalendarApp.iOS\CalendarApp.iOS.csproj", "{3C432234-FAE1-4905-A7DE-DFDE6CB2AF50}"
EndProject
Project("{FAE04EC0-301F-11D3-BF4B-00C04F79EFBC}") = "CalendarApp", "CalendarApp\CalendarApp\CalendarApp.csproj", "{5CD0E478-DEB7-4352-B9E4-8D953C598714}"
EndProject
Global
	GlobalSection(SolutionConfigurationPlatforms) = preSolution
		Debug|Any CPU = Debug|Any CPU
		Debug|iPhone = Debug|iPhone
		Debug|iPhoneSimulator = Debug|iPhoneSimulator
		Release|Any CPU = Release|Any CPU
		Release|iPhone = Release|iPhone
		Release|iPhoneSimulator = Release|iPhoneSimulator
	EndGlobalSection
	GlobalSection(ProjectConfigurationPlatforms) = postSolution
		{A998433A-3BA9-4118-A740-860706AB7F8C}.Debug|Any CPU.ActiveCfg = Debug|Any CPU
		{A998433A-3BA9-4118-A740-860706AB7F8C}.Debug|Any CPU.Build.0 = Debug|Any CPU
		{A998433A-3BA9-4118-A740-860706AB7F8C}.Debug|Any CPU.Deploy.0 = Debug|Any CPU
		{A998433A-3BA9-4118-A740-860706AB7F8C}.Debug|iPhone.ActiveCfg = Debug|Any CPU
		{A998433A-3BA9-4118-A740-860706AB7F8C}.Debug|iPhone.Build.0 = Debug|Any CPU
		{A998433A-3BA9-4118-A740-860706AB7F8C}.Debug|iPhone.Deploy.0 = Debug|Any CPU
		{A998433A-3BA9-4118-A740-860706AB7F8C}.Debug|iPhoneSimulator.ActiveCfg = Debug|Any CPU
		{A998433A-3BA9-4118-A740-860706AB7F8C}.Debug|iPhoneSimulator.Build.0 = Debug|Any CPU
		{A998433A-3BA9-4118-A740-860706AB7F8C}.Debug|iPhoneSimulator.Deploy.0 = Debug|Any CPU
		{A998433A-3BA9-4118-A740-860706AB7F8C}.Release|Any CPU.ActiveCfg = Release|Any CPU
		{A998433A-3BA9-4118-A740-860706AB7F8C}.Release|Any CPU.Build.0 = Release|Any CPU
		{A998433A-3BA9-4118-A740-860706AB7F8C}.Release|Any CPU.Deploy.0 = Release|Any CPU
		{A998433A-3BA9-4118-A740-860706AB7F8C}.Release|iPhone.ActiveCfg = Release|Any CPU
		{A998433A-3BA9-4118-A740-860706AB7F8C}.Release|iPhone.Build.0 = Release|Any CPU
		{A998433A-3BA9-4118-A740-860706AB7F8C}.Release|iPhone.Deploy.0 = Release|Any CPU
		{A998433A-3BA9-4118-A740-860706AB7F8C}.Release|iPhoneSimulator.ActiveCfg = Release|Any CPU
		{A998433A-3BA9-4118-A740-860706AB7F8C}.Release|iPhoneSimulator.Build.0 = Release|Any CPU
		{A998433A-3BA9-4118-A740-860706AB7F8C}.Release|iPhoneSimulator.Deploy.0 = Release|Any CPU
		{3C432234-FAE1-4905-A7DE-DFDE6CB2AF50}.Debug|Any CPU.ActiveCfg = Debug|iPhoneSimulator
		{3C432234-FAE1-4905-A7DE-DFDE6CB2AF50}.Debug|Any CPU.Build.0 = Debug|iPhoneSimulator
		{3C432234-FAE1-4905-A7DE-DFDE6CB2AF50}.Debug|Any CPU.Deploy.0 = Debug|iPhoneSimulator
		{3C432234-FAE1-4905-A7DE-DFDE6CB2AF50}.Debug|iPhone.ActiveCfg = Debug|iPhone
		{3C432234-FAE1-4905-A7DE-DFDE6CB2AF50}.Debug|iPhone.Build.0 = Debug|iPhone
		{3C432234-FAE1-4905-A7DE-DFDE6CB2AF50}.Debug|iPhone.Deploy.0 = Debug|iPhone
		{3C432234-FAE1-4905-A7DE-DFDE6CB2AF50}.Debug|iPhoneSimulator.ActiveCfg = Debug|iPhoneSimulator
		{3C432234-FAE1-4905-A7DE-DFDE6CB2AF50}.Debug|iPhoneSimulator.Build.0 = Debug|iPhoneSimulator
		{3C432234-FAE1-4905-A7DE-DFDE6CB2AF50}.Debug|iPhoneSimulator.Deploy.0 = Debug|iPhoneSimulator
		{3C432234-FAE1-4905-A7DE-DFDE6CB2AF50}.Release|Any CPU.ActiveCfg = Release|iPhone
		{3C432234-FAE1-4905-A7DE-DFDE6CB2AF50}.Release|Any CPU.Build.0 = Release|iPhone
		{3C432234-FAE1-4905-A7DE-DFDE6CB2AF50}.Release|Any CPU.Deploy.0 = Release|iPhone
		{3C432234-FAE1-4905-A7DE-DFDE6CB2AF50}.Release|iPhone.ActiveCfg = Release|iPhone
		{3C432234-FAE1-4905-A7DE-DFDE6CB2AF50}.Release|iPhone.Build.0 = Release|iPhone
		{3C432234-FAE1-4905-A7DE-DFDE6CB2AF50}.Release|iPhone.Deploy.0 = Release|iPhone
		{3C432234-FAE1-4905-A7DE-DFDE6CB2AF50}.Release|iPhoneSimulator.ActiveCfg = Release|iPhoneSimulator
		{3C432234-FAE1-4905-A7DE-DFDE6CB2AF50}.Release|iPhoneSimulator.Build.0 = Release|iPhoneSimulator
		{3C432234-FAE1-4905-A7DE-DFDE6CB2AF50}.Release|iPhoneSimulator.Deploy.0 = Release|iPhoneSimulator
		{5CD0E478-DEB7-4352-B9E4-8D953C598714}.Debug|Any CPU.ActiveCfg = Debug|Any CPU
		{5CD0E478-DEB7-4352-B9E4-8D953C598714}.Debug|Any CPU.Build.0 = Debug|Any CPU
		{5CD0E478-DEB7-4352-B9E4-8D953C598714}.Debug|Any CPU.Deploy.0 = Debug|Any CPU
		{5CD0E478-DEB7-4352-B9E4-8D953C598714}.Debug|iPhone.ActiveCfg = Debug|Any CPU
		{5CD0E478-DEB7-4352-B9E4-8D953C598714}.Debug|iPhone.Build.0 = Debug|Any CPU
		{5CD0E478-DEB7-4352-B9E4-8D953C598714}.Debug|iPhone.Deploy.0 = Debug|Any CPU
		{5CD0E478-DEB7-4352-B9E4-8D953C598714}.Debug|iPhoneSimulator.ActiveCfg = Debug|Any CPU
		{5CD0E478-DEB7-4352-B9E4-8D953C598714}.Debug|iPhoneSimulator.Build.0 = Debug|Any CPU
		{5CD0E478-DEB7-4352-B9E4-8D953C598714}.Debug|iPhoneSimulator.Deploy.0 = Debug|Any CPU
		{5CD0E478-DEB7-4352-B9E4-8D953C598714}.Release|Any CPU.ActiveCfg = Release|Any CPU
		{5CD0E478-DEB7-4352-B9E4-8D953C598714}.Release|Any CPU.Build.0 = Release|Any CPU
		{5CD0E478-DEB7-4352-B9E4-8D953C598714}.Release|Any CPU.Deploy.0 = Release|Any CPU
		{5CD0E478-DEB7-4352-B9E4-8D953C598714}.Release|iPhone.ActiveCfg = Release|Any CPU
		{5CD0E478-DEB7-4352-B9E4-8D953C598714}.Release|iPhone.Build.0 = Release|Any CPU
		{5CD0E478-DEB7-4352-B9E4-8D953C598714}.Release|iPhone.Deploy.0 = Release|Any CPU
		{5CD0E478-DEB7-4352-B9E4-8D953C598714}.Release|iPhoneSimulator.ActiveCfg = Release|Any CPU
		{5CD0E478-DEB7-4352-B9E4-8D953C598714}.Release|iPhoneSimulator.Build.0 = Release|Any CPU
		{5CD0E478-DEB7-4352-B9E4-8D953C598714}.Release|iPhoneSimulator.Deploy.0 = Release|Any CPU
	EndGlobalSection
	GlobalSection(SolutionProperties) = preSolution
		HideSolutionNode = FALSE
	EndGlobalSection
	GlobalSection(ExtensibilityGlobals) = postSolution
		SolutionGuid = {4768ABCB-CA15-4BF7-BE3A-6FD81851ED00}
	EndGlobalSection
EndGlobal
